
Microsoft Visual Studio Solution File, Format Version 12.00
# Visual Studio 14
VisualStudioVersion = 14.0.25420.1
MinimumVisualStudioVersion = 10.0.40219.1
Project("{2150E333-8FDC-42A3-9474-1A3956D46DE8}") = "src", "src", "{D5960571-9F37-4895-A6D9-5EF0F9FB3CBA}"
EndProject
Project("{2150E333-8FDC-42A3-9474-1A3956D46DE8}") = "Solution Items", "Solution Items", "{B1C88C53-9DD6-4187-A11F-2F85D768476D}"
	ProjectSection(SolutionItems) = preProject
		global.json = global.json
	EndProjectSection
EndProject
Project("{8BB2217D-0F2D-49D1-97BC-3654ED321F3B}") = "web", "src\web\web.xproj", "{999C425C-0B4D-4DFC-BC8D-10ABCE16769F}"
EndProject
Project("{8BB2217D-0F2D-49D1-97BC-3654ED321F3B}") = "service1", "src\service1\service1.xproj", "{511196C9-EB01-4B6F-9301-66FD68F247BC}"
EndProject
Project("{8BB2217D-0F2D-49D1-97BC-3654ED321F3B}") = "service2", "src\service2\service2.xproj", "{76772043-BAFC-441E-95E3-6DB390977924}"
EndProject
Global
	GlobalSection(SolutionConfigurationPlatforms) = preSolution
		Debug|Any CPU = Debug|Any CPU
		Release|Any CPU = Release|Any CPU
	EndGlobalSection
	GlobalSection(ProjectConfigurationPlatforms) = postSolution
		{999C425C-0B4D-4DFC-BC8D-10ABCE16769F}.Debug|Any CPU.ActiveCfg = Debug|Any CPU
		{999C425C-0B4D-4DFC-BC8D-10ABCE16769F}.Debug|Any CPU.Build.0 = Debug|Any CPU
		{999C425C-0B4D-4DFC-BC8D-10ABCE16769F}.Release|Any CPU.ActiveCfg = Release|Any CPU
		{999C425C-0B4D-4DFC-BC8D-10ABCE16769F}.Release|Any CPU.Build.0 = Release|Any CPU
		{511196C9-EB01-4B6F-9301-66FD68F247BC}.Debug|Any CPU.ActiveCfg = Debug|Any CPU
		{511196C9-EB01-4B6F-9301-66FD68F247BC}.Debug|Any CPU.Build.0 = Debug|Any CPU
		{511196C9-EB01-4B6F-9301-66FD68F247BC}.Release|Any CPU.ActiveCfg = Release|Any CPU
		{511196C9-EB01-4B6F-9301-66FD68F247BC}.Release|Any CPU.Build.0 = Release|Any CPU
		{76772043-BAFC-441E-95E3-6DB390977924}.Debug|Any CPU.ActiveCfg = Debug|Any CPU
		{76772043-BAFC-441E-95E3-6DB390977924}.Debug|Any CPU.Build.0 = Debug|Any CPU
		{76772043-BAFC-441E-95E3-6DB390977924}.Release|Any CPU.ActiveCfg = Release|Any CPU
		{76772043-BAFC-441E-95E3-6DB390977924}.Release|Any CPU.Build.0 = Release|Any CPU
	EndGlobalSection
	GlobalSection(SolutionProperties) = preSolution
		HideSolutionNode = FALSE
	EndGlobalSection
	GlobalSection(NestedProjects) = preSolution
		{999C425C-0B4D-4DFC-BC8D-10ABCE16769F} = {D5960571-9F37-4895-A6D9-5EF0F9FB3CBA}
		{511196C9-EB01-4B6F-9301-66FD68F247BC} = {D5960571-9F37-4895-A6D9-5EF0F9FB3CBA}
		{76772043-BAFC-441E-95E3-6DB390977924} = {D5960571-9F37-4895-A6D9-5EF0F9FB3CBA}
	EndGlobalSection
EndGlobal
